
Microsoft Visual Studio Solution File, Format Version 12.00
# Visual Studio Version 16
VisualStudioVersion = 16.0.31613.86
MinimumVisualStudioVersion = 10.0.40219.1
Project("{9A19103F-16F7-4668-BE54-9A1E7A4F7556}") = "SportsCompetition", "SportsCompetition\SportsCompetition.csproj", "{BDB43E87-EFC7-4FF6-BD51-B6E52D4848E8}"
	ProjectSection(ProjectDependencies) = postProject
		{205E9005-99B3-43D5-901A-E1395A3FD8BC} = {205E9005-99B3-43D5-901A-E1395A3FD8BC}
	EndProjectSection
EndProject
Project("{9A19103F-16F7-4668-BE54-9A1E7A4F7556}") = "DatabaseAccessLayer", "DatabaseAccessLayer\DatabaseAccessLayer.csproj", "{205E9005-99B3-43D5-901A-E1395A3FD8BC}"
EndProject
Project("{FAE04EC0-301F-11D3-BF4B-00C04F79EFBC}") = "Services", "Services\Services.csproj", "{95781224-2ADA-4AF1-B931-323ACC08E440}"
EndProject
Global
	GlobalSection(SolutionConfigurationPlatforms) = preSolution
		Debug|Any CPU = Debug|Any CPU
		Release|Any CPU = Release|Any CPU
	EndGlobalSection
	GlobalSection(ProjectConfigurationPlatforms) = postSolution
		{BDB43E87-EFC7-4FF6-BD51-B6E52D4848E8}.Debug|Any CPU.ActiveCfg = Debug|Any CPU
		{BDB43E87-EFC7-4FF6-BD51-B6E52D4848E8}.Debug|Any CPU.Build.0 = Debug|Any CPU
		{BDB43E87-EFC7-4FF6-BD51-B6E52D4848E8}.Release|Any CPU.ActiveCfg = Release|Any CPU
		{BDB43E87-EFC7-4FF6-BD51-B6E52D4848E8}.Release|Any CPU.Build.0 = Release|Any CPU
		{205E9005-99B3-43D5-901A-E1395A3FD8BC}.Debug|Any CPU.ActiveCfg = Debug|Any CPU
		{205E9005-99B3-43D5-901A-E1395A3FD8BC}.Debug|Any CPU.Build.0 = Debug|Any CPU
		{205E9005-99B3-43D5-901A-E1395A3FD8BC}.Release|Any CPU.ActiveCfg = Release|Any CPU
		{205E9005-99B3-43D5-901A-E1395A3FD8BC}.Release|Any CPU.Build.0 = Release|Any CPU
		{95781224-2ADA-4AF1-B931-323ACC08E440}.Debug|Any CPU.ActiveCfg = Debug|Any CPU
		{95781224-2ADA-4AF1-B931-323ACC08E440}.Debug|Any CPU.Build.0 = Debug|Any CPU
		{95781224-2ADA-4AF1-B931-323ACC08E440}.Release|Any CPU.ActiveCfg = Release|Any CPU
		{95781224-2ADA-4AF1-B931-323ACC08E440}.Release|Any CPU.Build.0 = Release|Any CPU
	EndGlobalSection
	GlobalSection(SolutionProperties) = preSolution
		HideSolutionNode = FALSE
	EndGlobalSection
	GlobalSection(ExtensibilityGlobals) = postSolution
		SolutionGuid = {6ADE5A75-502E-461B-9D44-1320407D2167}
	EndGlobalSection
EndGlobal
